
Microsoft Visual Studio Solution File, Format Version 12.00
# Visual Studio Version 17
VisualStudioVersion = 17.3.32825.248
MinimumVisualStudioVersion = 10.0.40219.1
Project("{FAE04EC0-301F-11D3-BF4B-00C04F79EFBC}") = "ValueAddedTax", "ValueAddedTax\ValueAddedTax.csproj", "{0356516A-8E69-46B9-94C9-E863D051A00C}"
EndProject
Global
	GlobalSection(SolutionConfigurationPlatforms) = preSolution
		Debug|Any CPU = Debug|Any CPU
		Release|Any CPU = Release|Any CPU
	EndGlobalSection
	GlobalSection(ProjectConfigurationPlatforms) = postSolution
		{0356516A-8E69-46B9-94C9-E863D051A00C}.Debug|Any CPU.ActiveCfg = Debug|Any CPU
		{0356516A-8E69-46B9-94C9-E863D051A00C}.Debug|Any CPU.Build.0 = Debug|Any CPU
		{0356516A-8E69-46B9-94C9-E863D051A00C}.Release|Any CPU.ActiveCfg = Release|Any CPU
		{0356516A-8E69-46B9-94C9-E863D051A00C}.Release|Any CPU.Build.0 = Release|Any CPU
	EndGlobalSection
	GlobalSection(SolutionProperties) = preSolution
		HideSolutionNode = FALSE
	EndGlobalSection
	GlobalSection(ExtensibilityGlobals) = postSolution
		SolutionGuid = {76531827-21FE-41D3-9869-37D8AAE3F6AB}
	EndGlobalSection
EndGlobal
